
Microsoft Visual Studio Solution File, Format Version 12.00
# Visual Studio 2017
Project("{FAE04EC0-301F-11D3-BF4B-00C04F79EFBC}") = "MVCWebApp", "MVCWebApp.csproj", "{45E36976-D9E5-4BEB-9306-49409A5D18D3}"
EndProject
Global
	GlobalSection(SolutionConfigurationPlatforms) = preSolution
		Debug|Any CPU = Debug|Any CPU
		Release|Any CPU = Release|Any CPU
	EndGlobalSection
	GlobalSection(ProjectConfigurationPlatforms) = postSolution
		{45E36976-D9E5-4BEB-9306-49409A5D18D3}.Debug|Any CPU.ActiveCfg = Debug|Any CPU
		{45E36976-D9E5-4BEB-9306-49409A5D18D3}.Debug|Any CPU.Build.0 = Debug|Any CPU
		{45E36976-D9E5-4BEB-9306-49409A5D18D3}.Release|Any CPU.ActiveCfg = Release|Any CPU
		{45E36976-D9E5-4BEB-9306-49409A5D18D3}.Release|Any CPU.Build.0 = Release|Any CPU
	EndGlobalSection
EndGlobal
